
Microsoft Visual Studio Solution File, Format Version 12.00
# Visual Studio Version 16
VisualStudioVersion = 16.0.31624.102
MinimumVisualStudioVersion = 10.0.40219.1
Project("{FAE04EC0-301F-11D3-BF4B-00C04F79EFBC}") = "Model", "Model\Model.csproj", "{2C60B6CA-3370-4B9A-BA63-3FBCB346A519}"
EndProject
Project("{FAE04EC0-301F-11D3-BF4B-00C04F79EFBC}") = "UnitTests", "UnitTests\UnitTests.csproj", "{80238CA7-BC91-43C2-9710-2312E089AE53}"
EndProject
Global
	GlobalSection(SolutionConfigurationPlatforms) = preSolution
		Debug|Any CPU = Debug|Any CPU
		Release|Any CPU = Release|Any CPU
	EndGlobalSection
	GlobalSection(ProjectConfigurationPlatforms) = postSolution
		{2C60B6CA-3370-4B9A-BA63-3FBCB346A519}.Debug|Any CPU.ActiveCfg = Debug|Any CPU
		{2C60B6CA-3370-4B9A-BA63-3FBCB346A519}.Debug|Any CPU.Build.0 = Debug|Any CPU
		{2C60B6CA-3370-4B9A-BA63-3FBCB346A519}.Release|Any CPU.ActiveCfg = Release|Any CPU
		{2C60B6CA-3370-4B9A-BA63-3FBCB346A519}.Release|Any CPU.Build.0 = Release|Any CPU
		{80238CA7-BC91-43C2-9710-2312E089AE53}.Debug|Any CPU.ActiveCfg = Debug|Any CPU
		{80238CA7-BC91-43C2-9710-2312E089AE53}.Debug|Any CPU.Build.0 = Debug|Any CPU
		{80238CA7-BC91-43C2-9710-2312E089AE53}.Release|Any CPU.ActiveCfg = Release|Any CPU
		{80238CA7-BC91-43C2-9710-2312E089AE53}.Release|Any CPU.Build.0 = Release|Any CPU
	EndGlobalSection
	GlobalSection(SolutionProperties) = preSolution
		HideSolutionNode = FALSE
	EndGlobalSection
	GlobalSection(ExtensibilityGlobals) = postSolution
		SolutionGuid = {10B445BA-C4C5-487F-AC52-C3788D958A3D}
	EndGlobalSection
EndGlobal
