
Microsoft Visual Studio Solution File, Format Version 12.00
# Visual Studio Version 17
VisualStudioVersion = 17.3.32929.385
MinimumVisualStudioVersion = 10.0.40219.1
Project("{FAE04EC0-301F-11D3-BF4B-00C04F79EFBC}") = "Model", "Model\Model.csproj", "{A4828616-CAC4-400E-B167-360EC0DFAEFA}"
EndProject
Global
	GlobalSection(SolutionConfigurationPlatforms) = preSolution
		Debug|Any CPU = Debug|Any CPU
		Release|Any CPU = Release|Any CPU
	EndGlobalSection
	GlobalSection(ProjectConfigurationPlatforms) = postSolution
		{A4828616-CAC4-400E-B167-360EC0DFAEFA}.Debug|Any CPU.ActiveCfg = Debug|Any CPU
		{A4828616-CAC4-400E-B167-360EC0DFAEFA}.Debug|Any CPU.Build.0 = Debug|Any CPU
		{A4828616-CAC4-400E-B167-360EC0DFAEFA}.Release|Any CPU.ActiveCfg = Release|Any CPU
		{A4828616-CAC4-400E-B167-360EC0DFAEFA}.Release|Any CPU.Build.0 = Release|Any CPU
	EndGlobalSection
	GlobalSection(SolutionProperties) = preSolution
		HideSolutionNode = FALSE
	EndGlobalSection
	GlobalSection(ExtensibilityGlobals) = postSolution
		SolutionGuid = {10B445BA-C4C5-487F-AC52-C3788D958A3D}
	EndGlobalSection
EndGlobal
