
Microsoft Visual Studio Solution File, Format Version 12.00
# Visual Studio Version 16
VisualStudioVersion = 16.0.30621.155
MinimumVisualStudioVersion = 10.0.40219.1
Project("{FAE04EC0-301F-11D3-BF4B-00C04F79EFBC}") = "Model", "Model\Model.csproj", "{2B27C714-DDB7-4EE7-BDB7-7107406655AE}"
EndProject
Global
	GlobalSection(SolutionConfigurationPlatforms) = preSolution
		Debug|Any CPU = Debug|Any CPU
		Release|Any CPU = Release|Any CPU
	EndGlobalSection
	GlobalSection(ProjectConfigurationPlatforms) = postSolution
		{2B27C714-DDB7-4EE7-BDB7-7107406655AE}.Debug|Any CPU.ActiveCfg = Debug|Any CPU
		{2B27C714-DDB7-4EE7-BDB7-7107406655AE}.Debug|Any CPU.Build.0 = Debug|Any CPU
		{2B27C714-DDB7-4EE7-BDB7-7107406655AE}.Release|Any CPU.ActiveCfg = Release|Any CPU
		{2B27C714-DDB7-4EE7-BDB7-7107406655AE}.Release|Any CPU.Build.0 = Release|Any CPU
	EndGlobalSection
	GlobalSection(SolutionProperties) = preSolution
		HideSolutionNode = FALSE
	EndGlobalSection
	GlobalSection(ExtensibilityGlobals) = postSolution
		SolutionGuid = {10B445BA-C4C5-487F-AC52-C3788D958A3D}
	EndGlobalSection
EndGlobal
